// !$*UTF8*$!
{
	archiveVersion = 1;
	classes = {
	};
	objectVersion = 50;
	objects = {

/* Begin PBXBuildFile section */
		6A2DBDCB20D8072E00D433DD /* AppDelegate.swift in Sources */ = {isa = PBXBuildFile; fileRef = 6A2DBDCA20D8072E00D433DD /* AppDelegate.swift */; };
		6A2DBDCD20D8072E00D433DD /* ViewController.swift in Sources */ = {isa = PBXBuildFile; fileRef = 6A2DBDCC20D8072E00D433DD /* ViewController.swift */; };
		6A2DBDD020D8072E00D433DD /* Main.storyboard in Resources */ = {isa = PBXBuildFile; fileRef = 6A2DBDCE20D8072E00D433DD /* Main.storyboard */; };
		6A2DBDD220D8073000D433DD /* Assets.xcassets in Resources */ = {isa = PBXBuildFile; fileRef = 6A2DBDD120D8073000D433DD /* Assets.xcassets */; };
		6A2DBDD520D8073000D433DD /* LaunchScreen.storyboard in Resources */ = {isa = PBXBuildFile; fileRef = 6A2DBDD320D8073000D433DD /* LaunchScreen.storyboard */; };
		6A2DBDE020D8073000D433DD /* tip_calculatorTests.swift in Sources */ = {isa = PBXBuildFile; fileRef = 6A2DBDDF20D8073000D433DD /* tip_calculatorTests.swift */; };
		6A2DBDEB20D8073000D433DD /* tip_calculatorUITests.swift in Sources */ = {isa = PBXBuildFile; fileRef = 6A2DBDEA20D8073000D433DD /* tip_calculatorUITests.swift */; };
/* End PBXBuildFile section */

/* Begin PBXContainerItemProxy section */
		6A2DBDDC20D8073000D433DD /* PBXContainerItemProxy */ = {
			isa = PBXContainerItemProxy;
			containerPortal = 6A2DBDBF20D8072E00D433DD /* Project object */;
			proxyType = 1;
			remoteGlobalIDString = 6A2DBDC620D8072E00D433DD;
			remoteInfo = tip_calculator;
		};
		6A2DBDE720D8073000D433DD /* PBXContainerItemProxy */ = {
			isa = PBXContainerItemProxy;
			containerPortal = 6A2DBDBF20D8072E00D433DD /* Project object */;
			proxyType = 1;
			remoteGlobalIDString = 6A2DBDC620D8072E00D433DD;
			remoteInfo = tip_calculator;
		};
/* End PBXContainerItemProxy section */

/* Begin PBXFileReference section */
		6A2DBDC720D8072E00D433DD /* tip_calculator.app */ = {isa = PBXFileReference; explicitFileType = wrapper.application; includeInIndex = 0; path = tip_calculator.app; sourceTree = BUILT_PRODUCTS_DIR; };
		6A2DBDCA20D8072E00D433DD /* AppDelegate.swift */ = {isa = PBXFileReference; lastKnownFileType = sourcecode.swift; path = AppDelegate.swift; sourceTree = "<group>"; };
		6A2DBDCC20D8072E00D433DD /* ViewController.swift */ = {isa = PBXFileReference; lastKnownFileType = sourcecode.swift; path = ViewController.swift; sourceTree = "<group>"; };
		6A2DBDCF20D8072E00D433DD /* Base */ = {isa = PBXFileReference; lastKnownFileType = file.storyboard; name = Base; path = Base.lproj/Main.storyboard; sourceTree = "<group>"; };
		6A2DBDD120D8073000D433DD /* Assets.xcassets */ = {isa = PBXFileReference; lastKnownFileType = folder.assetcatalog; path = Assets.xcassets; sourceTree = "<group>"; };
		6A2DBDD420D8073000D433DD /* Base */ = {isa = PBXFileReference; lastKnownFileType = file.storyboard; name = Base; path = Base.lproj/LaunchScreen.storyboard; sourceTree = "<group>"; };
		6A2DBDD620D8073000D433DD /* Info.plist */ = {isa = PBXFileReference; lastKnownFileType = text.plist.xml; path = Info.plist; sourceTree = "<group>"; };
		6A2DBDDB20D8073000D433DD /* tip_calculatorTests.xctest */ = {isa = PBXFileReference; explicitFileType = wrapper.cfbundle; includeInIndex = 0; path = tip_calculatorTests.xctest; sourceTree = BUILT_PRODUCTS_DIR; };
		6A2DBDDF20D8073000D433DD /* tip_calculatorTests.swift */ = {isa = PBXFileReference; lastKnownFileType = sourcecode.swift; path = tip_calculatorTests.swift; sourceTree = "<group>"; };
		6A2DBDE120D8073000D433DD /* Info.plist */ = {isa = PBXFileReference; lastKnownFileType = text.plist.xml; path = Info.plist; sourceTree = "<group>"; };
		6A2DBDE620D8073000D433DD /* tip_calculatorUITests.xctest */ = {isa = PBXFileReference; explicitFileType = wrapper.cfbundle; includeInIndex = 0; path = tip_calculatorUITests.xctest; sourceTree = BUILT_PRODUCTS_DIR; };
		6A2DBDEA20D8073000D433DD /* tip_calculatorUITests.swift */ = {isa = PBXFileReference; lastKnownFileType = sourcecode.swift; path = tip_calculatorUITests.swift; sourceTree = "<group>"; };
		6A2DBDEC20D8073000D433DD /* Info.plist */ = {isa = PBXFileReference; lastKnownFileType = text.plist.xml; path = Info.plist; sourceTree = "<group>"; };
/* End PBXFileReference section */

/* Begin PBXFrameworksBuildPhase section */
		6A2DBDC420D8072E00D433DD /* Frameworks */ = {
			isa = PBXFrameworksBuildPhase;
			buildActionMask = 2147483647;
			files = (
			);
			runOnlyForDeploymentPostprocessing = 0;
		};
		6A2DBDD820D8073000D433DD /* Frameworks */ = {
			isa = PBXFrameworksBuildPhase;
			buildActionMask = 2147483647;
			files = (
			);
			runOnlyForDeploymentPostprocessing = 0;
		};
		6A2DBDE320D8073000D433DD /* Frameworks */ = {
			isa = PBXFrameworksBuildPhase;
			buildActionMask = 2147483647;
			files = (
			);
			runOnlyForDeploymentPostprocessing = 0;
		};
/* End PBXFrameworksBuildPhase section */

/* Begin PBXGroup section */
		6A2DBDBE20D8072E00D433DD = {
			isa = PBXGroup;
			children = (
				6A2DBDC920D8072E00D433DD /* tip_calculator */,
				6A2DBDDE20D8073000D433DD /* tip_calculatorTests */,
				6A2DBDE920D8073000D433DD /* tip_calculatorUITests */,
				6A2DBDC820D8072E00D433DD /* Products */,
			);
			sourceTree = "<group>";
		};
		6A2DBDC820D8072E00D433DD /* Products */ = {
			isa = PBXGroup;
			children = (
				6A2DBDC720D8072E00D433DD /* tip_calculator.app */,
				6A2DBDDB20D8073000D433DD /* tip_calculatorTests.xctest */,
				6A2DBDE620D8073000D433DD /* tip_calculatorUITests.xctest */,
			);
			name = Products;
			sourceTree = "<group>";
		};
		6A2DBDC920D8072E00D433DD /* tip_calculator */ = {
			isa = PBXGroup;
			children = (
				6A2DBDCA20D8072E00D433DD /* AppDelegate.swift */,
				6A2DBDCC20D8072E00D433DD /* ViewController.swift */,
				6A2DBDCE20D8072E00D433DD /* Main.storyboard */,
				6A2DBDD120D8073000D433DD /* Assets.xcassets */,
				6A2DBDD320D8073000D433DD /* LaunchScreen.storyboard */,
				6A2DBDD620D8073000D433DD /* Info.plist */,
			);
			path = tip_calculator;
			sourceTree = "<group>";
		};
		6A2DBDDE20D8073000D433DD /* tip_calculatorTests */ = {
			isa = PBXGroup;
			children = (
				6A2DBDDF20D8073000D433DD /* tip_calculatorTests.swift */,
				6A2DBDE120D8073000D433DD /* Info.plist */,
			);
			path = tip_calculatorTests;
			sourceTree = "<group>";
		};
		6A2DBDE920D8073000D433DD /* tip_calculatorUITests */ = {
			isa = PBXGroup;
			children = (
				6A2DBDEA20D8073000D433DD /* tip_calculatorUITests.swift */,
				6A2DBDEC20D8073000D433DD /* Info.plist */,
			);
			path = tip_calculatorUITests;
			sourceTree = "<group>";
		};
/* End PBXGroup section */

/* Begin PBXNativeTarget section */
		6A2DBDC620D8072E00D433DD /* tip_calculator */ = {
			isa = PBXNativeTarget;
			buildConfigurationList = 6A2DBDEF20D8073000D433DD /* Build configuration list for PBXNativeTarget "tip_calculator" */;
			buildPhases = (
				6A2DBDC320D8072E00D433DD /* Sources */,
				6A2DBDC420D8072E00D433DD /* Frameworks */,
				6A2DBDC520D8072E00D433DD /* Resources */,
			);
			buildRules = (
			);
			dependencies = (
			);
			name = tip_calculator;
			productName = tip_calculator;
			productReference = 6A2DBDC720D8072E00D433DD /* tip_calculator.app */;
			productType = "com.apple.product-type.application";
		};
		6A2DBDDA20D8073000D433DD /* tip_calculatorTests */ = {
			isa = PBXNativeTarget;
			buildConfigurationList = 6A2DBDF220D8073000D433DD /* Build configuration list for PBXNativeTarget "tip_calculatorTests" */;
			buildPhases = (
				6A2DBDD720D8073000D433DD /* Sources */,
				6A2DBDD820D8073000D433DD /* Frameworks */,
				6A2DBDD920D8073000D433DD /* Resources */,
			);
			buildRules = (
			);
			dependencies = (
				6A2DBDDD20D8073000D433DD /* PBXTargetDependency */,
			);
			name = tip_calculatorTests;
			productName = tip_calculatorTests;
			productReference = 6A2DBDDB20D8073000D433DD /* tip_calculatorTests.xctest */;
			productType = "com.apple.product-type.bundle.unit-test";
		};
		6A2DBDE520D8073000D433DD /* tip_calculatorUITests */ = {
			isa = PBXNativeTarget;
			buildConfigurationList = 6A2DBDF520D8073000D433DD /* Build configuration list for PBXNativeTarget "tip_calculatorUITests" */;
			buildPhases = (
				6A2DBDE220D8073000D433DD /* Sources */,
				6A2DBDE320D8073000D433DD /* Frameworks */,
				6A2DBDE420D8073000D433DD /* Resources */,
			);
			buildRules = (
			);
			dependencies = (
				6A2DBDE820D8073000D433DD /* PBXTargetDependency */,
			);
			name = tip_calculatorUITests;
			productName = tip_calculatorUITests;
			productReference = 6A2DBDE620D8073000D433DD /* tip_calculatorUITests.xctest */;
			productType = "com.apple.product-type.bundle.ui-testing";
		};
/* End PBXNativeTarget section */

/* Begin PBXProject section */
		6A2DBDBF20D8072E00D433DD /* Project object */ = {
			isa = PBXProject;
			attributes = {
				LastSwiftUpdateCheck = 0940;
				LastUpgradeCheck = 0940;
				ORGANIZATIONNAME = "Isaac Atif";
				TargetAttributes = {
					6A2DBDC620D8072E00D433DD = {
						CreatedOnToolsVersion = 9.4.1;
					};
					6A2DBDDA20D8073000D433DD = {
						CreatedOnToolsVersion = 9.4.1;
						TestTargetID = 6A2DBDC620D8072E00D433DD;
					};
					6A2DBDE520D8073000D433DD = {
						CreatedOnToolsVersion = 9.4.1;
						TestTargetID = 6A2DBDC620D8072E00D433DD;
					};
				};
			};
			buildConfigurationList = 6A2DBDC220D8072E00D433DD /* Build configuration list for PBXProject "tip_calculator" */;
			compatibilityVersion = "Xcode 9.3";
			developmentRegion = en;
			hasScannedForEncodings = 0;
			knownRegions = (
				en,
				Base,
			);
			mainGroup = 6A2DBDBE20D8072E00D433DD;
			productRefGroup = 6A2DBDC820D8072E00D433DD /* Products */;
			projectDirPath = "";
			projectRoot = "";
			targets = (
				6A2DBDC620D8072E00D433DD /* tip_calculator */,
				6A2DBDDA20D8073000D433DD /* tip_calculatorTests */,
				6A2DBDE520D8073000D433DD /* tip_calculatorUITests */,
			);
		};
/* End PBXProject section */

/* Begin PBXResourcesBuildPhase section */
		6A2DBDC520D8072E00D433DD /* Resources */ = {
			isa = PBXResourcesBuildPhase;
			buildActionMask = 2147483647;
			files = (
				6A2DBDD520D8073000D433DD /* LaunchScreen.storyboard in Resources */,
				6A2DBDD220D8073000D433DD /* Assets.xcassets in Resources */,
				6A2DBDD020D8072E00D433DD /* Main.storyboard in Resources */,
			);
			runOnlyForDeploymentPostprocessing = 0;
		};
		6A2DBDD920D8073000D433DD /* Resources */ = {
			isa = PBXResourcesBuildPhase;
			buildActionMask = 2147483647;
			files = (
			);
			runOnlyForDeploymentPostprocessing = 0;
		};
		6A2DBDE420D8073000D433DD /* Resources */ = {
			isa = PBXResourcesBuildPhase;
			buildActionMask = 2147483647;
			files = (
			);
			runOnlyForDeploymentPostprocessing = 0;
		};
/* End PBXResourcesBuildPhase section */

/* Begin PBXSourcesBuildPhase section */
		6A2DBDC320D8072E00D433DD /* Sources */ = {
			isa = PBXSourcesBuildPhase;
			buildActionMask = 2147483647;
			files = (
				6A2DBDCD20D8072E00D433DD /* ViewController.swift in Sources */,
				6A2DBDCB20D8072E00D433DD /* AppDelegate.swift in Sources */,
			);
			runOnlyForDeploymentPostprocessing = 0;
		};
		6A2DBDD720D8073000D433DD /* Sources */ = {
			isa = PBXSourcesBuildPhase;
			buildActionMask = 2147483647;
			files = (
				6A2DBDE020D8073000D433DD /* tip_calculatorTests.swift in Sources */,
			);
			runOnlyForDeploymentPostprocessing = 0;
		};
		6A2DBDE220D8073000D433DD /* Sources */ = {
			isa = PBXSourcesBuildPhase;
			buildActionMask = 2147483647;
			files = (
				6A2DBDEB20D8073000D433DD /* tip_calculatorUITests.swift in Sources */,
			);
			runOnlyForDeploymentPostprocessing = 0;
		};
/* End PBXSourcesBuildPhase section */

/* Begin PBXTargetDependency section */
		6A2DBDDD20D8073000D433DD /* PBXTargetDependency */ = {
			isa = PBXTargetDependency;
			target = 6A2DBDC620D8072E00D433DD /* tip_calculator */;
			targetProxy = 6A2DBDDC20D8073000D433DD /* PBXContainerItemProxy */;
		};
		6A2DBDE820D8073000D433DD /* PBXTargetDependency */ = {
			isa = PBXTargetDependency;
			target = 6A2DBDC620D8072E00D433DD /* tip_calculator */;
			targetProxy = 6A2DBDE720D8073000D433DD /* PBXContainerItemProxy */;
		};
/* End PBXTargetDependency section */

/* Begin PBXVariantGroup section */
		6A2DBDCE20D8072E00D433DD /* Main.storyboard */ = {
			isa = PBXVariantGroup;
			children = (
				6A2DBDCF20D8072E00D433DD /* Base */,
			);
			name = Main.storyboard;
			sourceTree = "<group>";
		};
		6A2DBDD320D8073000D433DD /* LaunchScreen.storyboard */ = {
			isa = PBXVariantGroup;
			children = (
				6A2DBDD420D8073000D433DD /* Base */,
			);
			name = LaunchScreen.storyboard;
			sourceTree = "<group>";
		};
/* End PBXVariantGroup section */

/* Begin XCBuildConfiguration section */
		6A2DBDED20D8073000D433DD /* Debug */ = {
			isa = XCBuildConfiguration;
			buildSettings = {
				ALWAYS_SEARCH_USER_PATHS = NO;
				CLANG_ANALYZER_NONNULL = YES;
				CLANG_ANALYZER_NUMBER_OBJECT_CONVERSION = YES_AGGRESSIVE;
				CLANG_CXX_LANGUAGE_STANDARD = "gnu++14";
				CLANG_CXX_LIBRARY = "libc++";
				CLANG_ENABLE_MODULES = YES;
				CLANG_ENABLE_OBJC_ARC = YES;
				CLANG_ENABLE_OBJC_WEAK = YES;
				CLANG_WARN_BLOCK_CAPTURE_AUTORELEASING = YES;
				CLANG_WARN_BOOL_CONVERSION = YES;
				CLANG_WARN_COMMA = YES;
				CLANG_WARN_CONSTANT_CONVERSION = YES;
				CLANG_WARN_DEPRECATED_OBJC_IMPLEMENTATIONS = YES;
				CLANG_WARN_DIRECT_OBJC_ISA_USAGE = YES_ERROR;
				CLANG_WARN_DOCUMENTATION_COMMENTS = YES;
				CLANG_WARN_EMPTY_BODY = YES;
				CLANG_WARN_ENUM_CONVERSION = YES;
				CLANG_WARN_INFINITE_RECURSION = YES;
				CLANG_WARN_INT_CONVERSION = YES;
				CLANG_WARN_NON_LITERAL_NULL_CONVERSION = YES;
				CLANG_WARN_OBJC_IMPLICIT_RETAIN_SELF = YES;
				CLANG_WARN_OBJC_LITERAL_CONVERSION = YES;
				CLANG_WARN_OBJC_ROOT_CLASS = YES_ERROR;
				CLANG_WARN_RANGE_LOOP_ANALYSIS = YES;
				CLANG_WARN_STRICT_PROTOTYPES = YES;
				CLANG_WARN_SUSPICIOUS_MOVE = YES;
				CLANG_WARN_UNGUARDED_AVAILABILITY = YES_AGGRESSIVE;
				CLANG_WARN_UNREACHABLE_CODE = YES;
				CLANG_WARN__DUPLICATE_METHOD_MATCH = YES;
				CODE_SIGN_IDENTITY = "iPhone Developer";
				COPY_PHASE_STRIP = NO;
				DEBUG_INFORMATION_FORMAT = dwarf;
				ENABLE_STRICT_OBJC_MSGSEND = YES;
				ENABLE_TESTABILITY = YES;
				GCC_C_LANGUAGE_STANDARD = gnu11;
				GCC_DYNAMIC_NO_PIC = NO;
				GCC_NO_COMMON_BLOCKS = YES;
				GCC_OPTIMIZATION_LEVEL = 0;
				GCC_PREPROCESSOR_DEFINITIONS = (
					"DEBUG=1",
					"$(inherited)",
				);
				GCC_WARN_64_TO_32_BIT_CONVERSION = YES;
				GCC_WARN_ABOUT_RETURN_TYPE = YES_ERROR;
				GCC_WARN_UNDECLARED_SELECTOR = YES;
				GCC_WARN_UNINITIALIZED_AUTOS = YES_AGGRESSIVE;
				GCC_WARN_UNUSED_FUNCTION = YES;
				GCC_WARN_UNUSED_VARIABLE = YES;
				IPHONEOS_DEPLOYMENT_TARGET = 11.4;
				MTL_ENABLE_DEBUG_INFO = YES;
				ONLY_ACTIVE_ARCH = YES;
				SDKROOT = iphoneos;
				SWIFT_ACTIVE_COMPILATION_CONDITIONS = DEBUG;
				SWIFT_OPTIMIZATION_LEVEL = "-Onone";
			};
			name = Debug;
		};
		6A2DBDEE20D8073000D433DD /* Release */ = {
			isa = XCBuildConfiguration;
			buildSettings = {
				ALWAYS_SEARCH_USER_PATHS = NO;
				CLANG_ANALYZER_NONNULL = YES;
				CLANG_ANALYZER_NUMBER_OBJECT_CONVERSION = YES_AGGRESSIVE;
				CLANG_CXX_LANGUAGE_STANDARD = "gnu++14";
				CLANG_CXX_LIBRARY = "libc++";
				CLANG_ENABLE_MODULES = YES;
				CLANG_ENABLE_OBJC_ARC = YES;
				CLANG_ENABLE_OBJC_WEAK = YES;
				CLANG_WARN_BLOCK_CAPTURE_AUTORELEASING = YES;
				CLANG_WARN_BOOL_CONVERSION = YES;
				CLANG_WARN_COMMA = YES;
				CLANG_WARN_CONSTANT_CONVERSION = YES;
				CLANG_WARN_DEPRECATED_OBJC_IMPLEMENTATIONS = YES;
				CLANG_WARN_DIRECT_OBJC_ISA_USAGE = YES_ERROR;
				CLANG_WARN_DOCUMENTATION_COMMENTS = YES;
				CLANG_WARN_EMPTY_BODY = YES;
				CLANG_WARN_ENUM_CONVERSION = YES;
				CLANG_WARN_INFINITE_RECURSION = YES;
				CLANG_WARN_INT_CONVERSION = YES;
				CLANG_WARN_NON_LITERAL_NULL_CONVERSION = YES;
				CLANG_WARN_OBJC_IMPLICIT_RETAIN_SELF = YES;
				CLANG_WARN_OBJC_LITERAL_CONVERSION = YES;
				CLANG_WARN_OBJC_ROOT_CLASS = YES_ERROR;
				CLANG_WARN_RANGE_LOOP_ANALYSIS = YES;
				CLANG_WARN_STRICT_PROTOTYPES = YES;
				CLANG_WARN_SUSPICIOUS_MOVE = YES;
				CLANG_WARN_UNGUARDED_AVAILABILITY = YES_AGGRESSIVE;
				CLANG_WARN_UNREACHABLE_CODE = YES;
				CLANG_WARN__DUPLICATE_METHOD_MATCH = YES;
				CODE_SIGN_IDENTITY = "iPhone Developer";
				COPY_PHASE_STRIP = NO;
				DEBUG_INFORMATION_FORMAT = "dwarf-with-dsym";
				ENABLE_NS_ASSERTIONS = NO;
				ENABLE_STRICT_OBJC_MSGSEND = YES;
				GCC_C_LANGUAGE_STANDARD = gnu11;
				GCC_NO_COMMON_BLOCKS = YES;
				GCC_WARN_64_TO_32_BIT_CONVERSION = YES;
				GCC_WARN_ABOUT_RETURN_TYPE = YES_ERROR;
				GCC_WARN_UNDECLARED_SELECTOR = YES;
				GCC_WARN_UNINITIALIZED_AUTOS = YES_AGGRESSIVE;
				GCC_WARN_UNUSED_FUNCTION = YES;
				GCC_WARN_UNUSED_VARIABLE = YES;
				IPHONEOS_DEPLOYMENT_TARGET = 11.4;
				MTL_ENABLE_DEBUG_INFO = NO;
				SDKROOT = iphoneos;
				SWIFT_COMPILATION_MODE = wholemodule;
				SWIFT_OPTIMIZATION_LEVEL = "-O";
				VALIDATE_PRODUCT = YES;
			};
			name = Release;
		};
		6A2DBDF020D8073000D433DD /* Debug */ = {
			isa = XCBuildConfiguration;
			buildSettings = {
				ASSETCATALOG_COMPILER_APPICON_NAME = AppIcon;
				CODE_SIGN_STYLE = Automatic;
				INFOPLIST_FILE = tip_calculator/Info.plist;
				LD_RUNPATH_SEARCH_PATHS = (
					"$(inherited)",
					"@executable_path/Frameworks",
				);
				PRODUCT_BUNDLE_IDENTIFIER = "Isaac.tip-calculator";
				PRODUCT_NAME = "$(TARGET_NAME)";
				SWIFT_VERSION = 4.0;
				TARGETED_DEVICE_FAMILY = "1,2";
			};
			name = Debug;
		};
		6A2DBDF120D8073000D433DD /* Release */ = {
			isa = XCBuildConfiguration;
			buildSettings = {
				ASSETCATALOG_COMPILER_APPICON_NAME = AppIcon;
				CODE_SIGN_STYLE = Automatic;
				INFOPLIST_FILE = tip_calculator/Info.plist;
				LD_RUNPATH_SEARCH_PATHS = (
					"$(inherited)",
					"@executable_path/Frameworks",
				);
				PRODUCT_BUNDLE_IDENTIFIER = "Isaac.tip-calculator";
				PRODUCT_NAME = "$(TARGET_NAME)";
				SWIFT_VERSION = 4.0;
				TARGETED_DEVICE_FAMILY = "1,2";
			};
			name = Release;
		};
		6A2DBDF320D8073000D433DD /* Debug */ = {
			isa = XCBuildConfiguration;
			buildSettings = {
				ALWAYS_EMBED_SWIFT_STANDARD_LIBRARIES = YES;
				BUNDLE_LOADER = "$(TEST_HOST)";
				CODE_SIGN_STYLE = Automatic;
				INFOPLIST_FILE = tip_calculatorTests/Info.plist;
				LD_RUNPATH_SEARCH_PATHS = (
					"$(inherited)",
					"@executable_path/Frameworks",
					"@loader_path/Frameworks",
				);
				PRODUCT_BUNDLE_IDENTIFIER = "Isaac.tip-calculatorTests";
				PRODUCT_NAME = "$(TARGET_NAME)";
				SWIFT_VERSION = 4.0;
				TARGETED_DEVICE_FAMILY = "1,2";
				TEST_HOST = "$(BUILT_PRODUCTS_DIR)/tip_calculator.app/tip_calculator";
			};
			name = Debug;
		};
		6A2DBDF420D8073000D433DD /* Release */ = {
			isa = XCBuildConfiguration;
			buildSettings = {
				ALWAYS_EMBED_SWIFT_STANDARD_LIBRARIES = YES;
				BUNDLE_LOADER = "$(TEST_HOST)";
				CODE_SIGN_STYLE = Automatic;
				INFOPLIST_FILE = tip_calculatorTests/Info.plist;
				LD_RUNPATH_SEARCH_PATHS = (
					"$(inherited)",
					"@executable_path/Frameworks",
					"@loader_path/Frameworks",
				);
				PRODUCT_BUNDLE_IDENTIFIER = "Isaac.tip-calculatorTests";
				PRODUCT_NAME = "$(TARGET_NAME)";
				SWIFT_VERSION = 4.0;
				TARGETED_DEVICE_FAMILY = "1,2";
				TEST_HOST = "$(BUILT_PRODUCTS_DIR)/tip_calculator.app/tip_calculator";
			};
			name = Release;
		};
		6A2DBDF620D8073000D433DD /* Debug */ = {
			isa = XCBuildConfiguration;
			buildSettings = {
				ALWAYS_EMBED_SWIFT_STANDARD_LIBRARIES = YES;
				CODE_SIGN_STYLE = Automatic;
				INFOPLIST_FILE = tip_calculatorUITests/Info.plist;
				LD_RUNPATH_SEARCH_PATHS = (
					"$(inherited)",
					"@executable_path/Frameworks",
					"@loader_path/Frameworks",
				);
				PRODUCT_BUNDLE_IDENTIFIER = "Isaac.tip-calculatorUITests";
				PRODUCT_NAME = "$(TARGET_NAME)";
				SWIFT_VERSION = 4.0;
				TARGETED_DEVICE_FAMILY = "1,2";
				TEST_TARGET_NAME = tip_calculator;
			};
			name = Debug;
		};
		6A2DBDF720D8073000D433DD /* Release */ = {
			isa = XCBuildConfiguration;
			buildSettings = {
				ALWAYS_EMBED_SWIFT_STANDARD_LIBRARIES = YES;
				CODE_SIGN_STYLE = Automatic;
				INFOPLIST_FILE = tip_calculatorUITests/Info.plist;
				LD_RUNPATH_SEARCH_PATHS = (
					"$(inherited)",
					"@executable_path/Frameworks",
					"@loader_path/Frameworks",
				);
				PRODUCT_BUNDLE_IDENTIFIER = "Isaac.tip-calculatorUITests";
				PRODUCT_NAME = "$(TARGET_NAME)";
				SWIFT_VERSION = 4.0;
				TARGETED_DEVICE_FAMILY = "1,2";
				TEST_TARGET_NAME = tip_calculator;
			};
			name = Release;
		};
/* End XCBuildConfiguration section */

/* Begin XCConfigurationList section */
		6A2DBDC220D8072E00D433DD /* Build configuration list for PBXProject "tip_calculator" */ = {
			isa = XCConfigurationList;
			buildConfigurations = (
				6A2DBDED20D8073000D433DD /* Debug */,
				6A2DBDEE20D8073000D433DD /* Release */,
			);
			defaultConfigurationIsVisible = 0;
			defaultConfigurationName = Release;
		};
		6A2DBDEF20D8073000D433DD /* Build configuration list for PBXNativeTarget "tip_calculator" */ = {
			isa = XCConfigurationList;
			buildConfigurations = (
				6A2DBDF020D8073000D433DD /* Debug */,
				6A2DBDF120D8073000D433DD /* Release */,
			);
			defaultConfigurationIsVisible = 0;
			defaultConfigurationName = Release;
		};
		6A2DBDF220D8073000D433DD /* Build configuration list for PBXNativeTarget "tip_calculatorTests" */ = {
			isa = XCConfigurationList;
			buildConfigurations = (
				6A2DBDF320D8073000D433DD /* Debug */,
				6A2DBDF420D8073000D433DD /* Release */,
			);
			defaultConfigurationIsVisible = 0;
			defaultConfigurationName = Release;
		};
		6A2DBDF520D8073000D433DD /* Build configuration list for PBXNativeTarget "tip_calculatorUITests" */ = {
			isa = XCConfigurationList;
			buildConfigurations = (
				6A2DBDF620D8073000D433DD /* Debug */,
				6A2DBDF720D8073000D433DD /* Release */,
			);
			defaultConfigurationIsVisible = 0;
			defaultConfigurationName = Release;
		};
/* End XCConfigurationList section */
	};
	rootObject = 6A2DBDBF20D8072E00D433DD /* Project object */;
}
